{
  "name": "image-metadata-extractor",
  "version": "1.0.0",
  "lockfileVersion": 2,
  "requires": true,
  "packages": {
    "": {
      "name": "image-metadata-extractor",
      "version": "1.0.0",
      "license": "MIT",
      "dependencies": {
        "exifr": "^7.1.3"
      }
    },
    "node_modules/exifr": {
      "version": "7.1.3",
      "resolved": "https://registry.npmjs.org/exifr/-/exifr-7.1.3.tgz",
      "integrity": "sha512-g+DEAp0eDyb3+GYHGwTqLApI1T1vjDR3K8zNxy5of+hqnhBXU+QD8CuwUnxm2aKVY0+zM8mhKrpYvkwfTTpvQw==",
      "funding": [
        {
          "type": "github",
          "url": "https://github.com/sponsors/MikeKovarik"
        },
        {
          "type": "paypal",
          "url": "https://paypal.me/MikeKovarik"
        }
      ]
    }
  },
  "dependencies": {
    "exifr": {
      "version": "7.1.3",
      "resolved": "https://registry.npmjs.org/exifr/-/exifr-7.1.3.tgz",
      "integrity": "sha512-g+DEAp0eDyb3+GYHGwTqLApI1T1vjDR3K8zNxy5of+hqnhBXU+QD8CuwUnxm2aKVY0+zM8mhKrpYvkwfTTpvQw=="
    }
  }
}